
Microsoft Visual Studio Solution File, Format Version 12.00
# Visual Studio 2012
Project("{FAE04EC0-301F-11D3-BF4B-00C04F79EFBC}") = "code_visualizer", "code_visualizer\code_visualizer.csproj", "{FD690D43-4C10-4698-8D73-27CB86C63C6B}"
EndProject
Global
	GlobalSection(SolutionConfigurationPlatforms) = preSolution
		Debug|Any CPU = Debug|Any CPU
		Release|Any CPU = Release|Any CPU
	EndGlobalSection
	GlobalSection(ProjectConfigurationPlatforms) = postSolution
		{FD690D43-4C10-4698-8D73-27CB86C63C6B}.Debug|Any CPU.ActiveCfg = Debug|Any CPU
		{FD690D43-4C10-4698-8D73-27CB86C63C6B}.Debug|Any CPU.Build.0 = Debug|Any CPU
		{FD690D43-4C10-4698-8D73-27CB86C63C6B}.Release|Any CPU.ActiveCfg = Release|Any CPU
		{FD690D43-4C10-4698-8D73-27CB86C63C6B}.Release|Any CPU.Build.0 = Release|Any CPU
	EndGlobalSection
EndGlobal
